{
    "_readme": [
        "This file locks the dependencies of your project to a known state",
        "Read more about it at https://getcomposer.org/doc/01-basic-usage.md#installing-dependencies",
        "This file is @generated automatically"
    ],
    "content-hash": "b954339d110cc4773e95741258d341ad",
    "packages": [],
    "packages-dev": [
        {
            "name": "yootheme/starter-utils",
            "version": "1.0.9",
            "source": {
                "type": "git",
                "url": "https://github.com/yootheme/starter-utils.git",
                "reference": "daf112b79cf91743a6a7fd030d1ef855595573ce"
            },
            "dist": {
                "type": "zip",
                "url": "https://api.github.com/repos/yootheme/starter-utils/zipball/daf112b79cf91743a6a7fd030d1ef855595573ce",
                "reference": "daf112b79cf91743a6a7fd030d1ef855595573ce",
                "shasum": ""
            },
            "require": {
                "php": "^8.0"
            },
            "require-dev": {
                "composer/composer": "^2.7",
                "phpstan/phpstan": "^1.11"
            },
            "type": "library",
            "autoload": {
                "psr-4": {
                    "YOOtheme\\Starter\\": "src"
                }
            },
            "notification-url": "https://packagist.org/downloads/",
            "license": [
                "MIT"
            ],
            "description": "YOOtheme Pro - Starter Utilities",
            "homepage": "https://yootheme.com",
            "keywords": [
                "joomla",
                "wordpress",
                "yootheme"
            ],
            "support": {
                "issues": "https://github.com/yootheme/starter-utils/issues",
                "source": "https://github.com/yootheme/starter-utils"
            },
            "time": "2024-10-04T14:51:35+00:00"
        }
    ],
    "aliases": [],
    "minimum-stability": "stable",
    "stability-flags": {},
    "prefer-stable": false,
    "prefer-lowest": false,
    "platform": {
        "php": "^8.0"
    },
    "platform-dev": {},
    "plugin-api-version": "2.6.0"
}
